
Microsoft Visual Studio Solution File, Format Version 12.00
# Visual Studio 15
VisualStudioVersion = 15.0.27004.2010
MinimumVisualStudioVersion = 10.0.40219.1
Project("{9A19103F-16F7-4668-BE54-9A1E7A4F7556}") = "Tournament", "Tournament\Tournament.csproj", "{0B901B12-F492-4DFA-A22A-C2A358C61327}"
EndProject
Project("{FAE04EC0-301F-11D3-BF4B-00C04F79EFBC}") = "Tournament.Database", "Tournament.Database\Tournament.Database.csproj", "{27291DEA-857D-4EC2-B090-CA9D9FACA969}"
EndProject
Project("{FAE04EC0-301F-11D3-BF4B-00C04F79EFBC}") = "Tournament.Business", "Tournament.Business\Tournament.Business.csproj", "{42B548EA-0DEB-49CC-9D73-0054EC67A375}"
EndProject
Global
	GlobalSection(SolutionConfigurationPlatforms) = preSolution
		Debug|Any CPU = Debug|Any CPU
		Release|Any CPU = Release|Any CPU
	EndGlobalSection
	GlobalSection(ProjectConfigurationPlatforms) = postSolution
		{0B901B12-F492-4DFA-A22A-C2A358C61327}.Debug|Any CPU.ActiveCfg = Debug|Any CPU
		{0B901B12-F492-4DFA-A22A-C2A358C61327}.Debug|Any CPU.Build.0 = Debug|Any CPU
		{0B901B12-F492-4DFA-A22A-C2A358C61327}.Release|Any CPU.ActiveCfg = Release|Any CPU
		{0B901B12-F492-4DFA-A22A-C2A358C61327}.Release|Any CPU.Build.0 = Release|Any CPU
		{27291DEA-857D-4EC2-B090-CA9D9FACA969}.Debug|Any CPU.ActiveCfg = Debug|Any CPU
		{27291DEA-857D-4EC2-B090-CA9D9FACA969}.Debug|Any CPU.Build.0 = Debug|Any CPU
		{27291DEA-857D-4EC2-B090-CA9D9FACA969}.Release|Any CPU.ActiveCfg = Release|Any CPU
		{27291DEA-857D-4EC2-B090-CA9D9FACA969}.Release|Any CPU.Build.0 = Release|Any CPU
		{42B548EA-0DEB-49CC-9D73-0054EC67A375}.Debug|Any CPU.ActiveCfg = Debug|Any CPU
		{42B548EA-0DEB-49CC-9D73-0054EC67A375}.Debug|Any CPU.Build.0 = Debug|Any CPU
		{42B548EA-0DEB-49CC-9D73-0054EC67A375}.Release|Any CPU.ActiveCfg = Release|Any CPU
		{42B548EA-0DEB-49CC-9D73-0054EC67A375}.Release|Any CPU.Build.0 = Release|Any CPU
	EndGlobalSection
	GlobalSection(SolutionProperties) = preSolution
		HideSolutionNode = FALSE
	EndGlobalSection
	GlobalSection(ExtensibilityGlobals) = postSolution
		SolutionGuid = {5B7AABC0-82BA-498F-B2A7-FDDFF177E9F8}
	EndGlobalSection
EndGlobal
